
Microsoft Visual Studio Solution File, Format Version 12.00
# Visual Studio 15
VisualStudioVersion = 15.0.26430.16
MinimumVisualStudioVersion = 10.0.40219.1
Project("{FAE04EC0-301F-11D3-BF4B-00C04F79EFBC}") = "udeTom2", "udeTom2\udeTom2.csproj", "{B9D4E189-9A0A-4A43-AC38-639FBBDAA91E}"
EndProject
Global
	GlobalSection(SolutionConfigurationPlatforms) = preSolution
		Debug|Any CPU = Debug|Any CPU
		Release|Any CPU = Release|Any CPU
	EndGlobalSection
	GlobalSection(ProjectConfigurationPlatforms) = postSolution
		{B9D4E189-9A0A-4A43-AC38-639FBBDAA91E}.Debug|Any CPU.ActiveCfg = Debug|Any CPU
		{B9D4E189-9A0A-4A43-AC38-639FBBDAA91E}.Debug|Any CPU.Build.0 = Debug|Any CPU
		{B9D4E189-9A0A-4A43-AC38-639FBBDAA91E}.Release|Any CPU.ActiveCfg = Release|Any CPU
		{B9D4E189-9A0A-4A43-AC38-639FBBDAA91E}.Release|Any CPU.Build.0 = Release|Any CPU
	EndGlobalSection
	GlobalSection(SolutionProperties) = preSolution
		HideSolutionNode = FALSE
	EndGlobalSection
EndGlobal
